{
  "version": 1,
  "dependencies": {
    ".NETStandard,Version=v2.0": {
      "AsyncFixer": {
        "type": "Direct",
        "requested": "[1.6.0, )",
        "resolved": "1.6.0",
        "contentHash": "/Xfs9H3UMfEv64cwT+C/JrTRp4w08BmPuFbj0ageadCHpx6rxYJxAU2C6sEqRFG22xmGk5cX9ewzoiiehWVHOw=="
      },
      "Microsoft.VisualStudio.Threading.Analyzers": {
        "type": "Direct",
        "requested": "[17.13.2, )",
        "resolved": "17.13.2",
        "contentHash": "Qcd8IlaTXZVq3wolBnzby1P7kWihdWaExtD8riumiKuG1sHa8EgjV/o70TMjTaeUMhomBbhfdC9OPwAHoZfnjQ=="
      },
      "NETStandard.Library": {
        "type": "Direct",
        "requested": "[2.0.3, )",
        "resolved": "2.0.3",
        "contentHash": "st47PosZSHrjECdjeIzZQbzivYBJFv6P2nv4cj2ypdI204DO+vZ7l5raGMiX4eXMJ53RfOIg+/s4DHVZ54Nu2A==",
        "dependencies": {
          "Microsoft.NETCore.Platforms": "1.1.0"
        }
      },
      "Roslynator.Analyzers": {
        "type": "Direct",
        "requested": "[4.13.0, )",
        "resolved": "4.13.0",
        "contentHash": "SSYEq2tPT4nmElTGJvpDsLmEw1mWY+Z+CM+H7gO49fSq4VyFivrmHyCeP3gWcDmgqMg77h2tLYRoZ0cjgnKmuA=="
      },
      "Roslynator.CodeAnalysis.Analyzers": {
        "type": "Direct",
        "requested": "[4.13.0, )",
        "resolved": "4.13.0",
        "contentHash": "U3B78km4IZ6LX3MlHHk1dPN3MyEgvzNGt4RURNgpjpXtBmdP98gCYuTjwt97dK3z76E45GisaXg6b0+HNqc8cg=="
      },
      "Roslynator.Formatting.Analyzers": {
        "type": "Direct",
        "requested": "[4.13.0, )",
        "resolved": "4.13.0",
        "contentHash": "WxayP0vkpigClbmsRmt1Mn2kBEAE+klgeE9HSHECDyWDAvuPS2BV6CKWkm7/J/cGtFuaGn0yQhv3v4bbD6GnPg=="
      },
      "SonarAnalyzer.CSharp": {
        "type": "Direct",
        "requested": "[10.6.0.109712, )",
        "resolved": "10.6.0.109712",
        "contentHash": "fMwoXhlmFrcIYLpmCZOPXQkKwQD6WoFsmkZp8FZ7RJ9Db+ELUg56qh1X4Vy2nU7ZOWmuAMDOMosYxiQKNLBWtw=="
      },
      "StyleCop.Analyzers": {
        "type": "Direct",
        "requested": "[1.1.118, )",
        "resolved": "1.1.118",
        "contentHash": "Onx6ovGSqXSK07n/0eM3ZusiNdB6cIlJdabQhWGgJp3Vooy9AaLS/tigeybOJAobqbtggTamoWndz72JscZBvw=="
      },
      "Microsoft.NETCore.Platforms": {
        "type": "Transitive",
        "resolved": "1.1.0",
        "contentHash": "kz0PEW2lhqygehI/d6XsPCQzD7ff7gUJaVGPVETX611eadGsA3A877GdSlU0LRVMCTH/+P3o2iDTak+S08V2+A=="
      },
      "gulliver": {
        "type": "Project"
      }
    },
    "net8.0": {
      "AsyncFixer": {
        "type": "Direct",
        "requested": "[1.6.0, )",
        "resolved": "1.6.0",
        "contentHash": "/Xfs9H3UMfEv64cwT+C/JrTRp4w08BmPuFbj0ageadCHpx6rxYJxAU2C6sEqRFG22xmGk5cX9ewzoiiehWVHOw=="
      },
      "Microsoft.VisualStudio.Threading.Analyzers": {
        "type": "Direct",
        "requested": "[17.13.2, )",
        "resolved": "17.13.2",
        "contentHash": "Qcd8IlaTXZVq3wolBnzby1P7kWihdWaExtD8riumiKuG1sHa8EgjV/o70TMjTaeUMhomBbhfdC9OPwAHoZfnjQ=="
      },
      "Roslynator.Analyzers": {
        "type": "Direct",
        "requested": "[4.13.0, )",
        "resolved": "4.13.0",
        "contentHash": "SSYEq2tPT4nmElTGJvpDsLmEw1mWY+Z+CM+H7gO49fSq4VyFivrmHyCeP3gWcDmgqMg77h2tLYRoZ0cjgnKmuA=="
      },
      "Roslynator.CodeAnalysis.Analyzers": {
        "type": "Direct",
        "requested": "[4.13.0, )",
        "resolved": "4.13.0",
        "contentHash": "U3B78km4IZ6LX3MlHHk1dPN3MyEgvzNGt4RURNgpjpXtBmdP98gCYuTjwt97dK3z76E45GisaXg6b0+HNqc8cg=="
      },
      "Roslynator.Formatting.Analyzers": {
        "type": "Direct",
        "requested": "[4.13.0, )",
        "resolved": "4.13.0",
        "contentHash": "WxayP0vkpigClbmsRmt1Mn2kBEAE+klgeE9HSHECDyWDAvuPS2BV6CKWkm7/J/cGtFuaGn0yQhv3v4bbD6GnPg=="
      },
      "SonarAnalyzer.CSharp": {
        "type": "Direct",
        "requested": "[10.6.0.109712, )",
        "resolved": "10.6.0.109712",
        "contentHash": "fMwoXhlmFrcIYLpmCZOPXQkKwQD6WoFsmkZp8FZ7RJ9Db+ELUg56qh1X4Vy2nU7ZOWmuAMDOMosYxiQKNLBWtw=="
      },
      "StyleCop.Analyzers": {
        "type": "Direct",
        "requested": "[1.1.118, )",
        "resolved": "1.1.118",
        "contentHash": "Onx6ovGSqXSK07n/0eM3ZusiNdB6cIlJdabQhWGgJp3Vooy9AaLS/tigeybOJAobqbtggTamoWndz72JscZBvw=="
      },
      "gulliver": {
        "type": "Project"
      }
    },
    "net9.0": {
      "AsyncFixer": {
        "type": "Direct",
        "requested": "[1.6.0, )",
        "resolved": "1.6.0",
        "contentHash": "/Xfs9H3UMfEv64cwT+C/JrTRp4w08BmPuFbj0ageadCHpx6rxYJxAU2C6sEqRFG22xmGk5cX9ewzoiiehWVHOw=="
      },
      "Microsoft.VisualStudio.Threading.Analyzers": {
        "type": "Direct",
        "requested": "[17.13.2, )",
        "resolved": "17.13.2",
        "contentHash": "Qcd8IlaTXZVq3wolBnzby1P7kWihdWaExtD8riumiKuG1sHa8EgjV/o70TMjTaeUMhomBbhfdC9OPwAHoZfnjQ=="
      },
      "Roslynator.Analyzers": {
        "type": "Direct",
        "requested": "[4.13.0, )",
        "resolved": "4.13.0",
        "contentHash": "SSYEq2tPT4nmElTGJvpDsLmEw1mWY+Z+CM+H7gO49fSq4VyFivrmHyCeP3gWcDmgqMg77h2tLYRoZ0cjgnKmuA=="
      },
      "Roslynator.CodeAnalysis.Analyzers": {
        "type": "Direct",
        "requested": "[4.13.0, )",
        "resolved": "4.13.0",
        "contentHash": "U3B78km4IZ6LX3MlHHk1dPN3MyEgvzNGt4RURNgpjpXtBmdP98gCYuTjwt97dK3z76E45GisaXg6b0+HNqc8cg=="
      },
      "Roslynator.Formatting.Analyzers": {
        "type": "Direct",
        "requested": "[4.13.0, )",
        "resolved": "4.13.0",
        "contentHash": "WxayP0vkpigClbmsRmt1Mn2kBEAE+klgeE9HSHECDyWDAvuPS2BV6CKWkm7/J/cGtFuaGn0yQhv3v4bbD6GnPg=="
      },
      "SonarAnalyzer.CSharp": {
        "type": "Direct",
        "requested": "[10.6.0.109712, )",
        "resolved": "10.6.0.109712",
        "contentHash": "fMwoXhlmFrcIYLpmCZOPXQkKwQD6WoFsmkZp8FZ7RJ9Db+ELUg56qh1X4Vy2nU7ZOWmuAMDOMosYxiQKNLBWtw=="
      },
      "StyleCop.Analyzers": {
        "type": "Direct",
        "requested": "[1.1.118, )",
        "resolved": "1.1.118",
        "contentHash": "Onx6ovGSqXSK07n/0eM3ZusiNdB6cIlJdabQhWGgJp3Vooy9AaLS/tigeybOJAobqbtggTamoWndz72JscZBvw=="
      },
      "gulliver": {
        "type": "Project"
      }
    }
  }
}