{
  "version": 1,
  "dependencies": {
    ".NETStandard,Version=v2.0": {
      "AsyncFixer": {
        "type": "Direct",
        "requested": "[1.6.0, )",
        "resolved": "1.6.0",
        "contentHash": "/Xfs9H3UMfEv64cwT+C/JrTRp4w08BmPuFbj0ageadCHpx6rxYJxAU2C6sEqRFG22xmGk5cX9ewzoiiehWVHOw=="
      },
      "Microsoft.VisualStudio.Threading.Analyzers": {
        "type": "Direct",
        "requested": "[17.12.19, )",
        "resolved": "17.12.19",
        "contentHash": "v3IYeedjoktvZ+GqYmLudxZJngmf/YWIxNT2Uy6QMMN19cvw+nkWoip1Gr1RtnFkUo1MPUVMis4C8Kj8d8DpSQ=="
      },
      "NETStandard.Library": {
        "type": "Direct",
        "requested": "[2.0.3, )",
        "resolved": "2.0.3",
        "contentHash": "st47PosZSHrjECdjeIzZQbzivYBJFv6P2nv4cj2ypdI204DO+vZ7l5raGMiX4eXMJ53RfOIg+/s4DHVZ54Nu2A==",
        "dependencies": {
          "Microsoft.NETCore.Platforms": "1.1.0"
        }
      },
      "Roslynator.Analyzers": {
        "type": "Direct",
        "requested": "[4.12.11, )",
        "resolved": "4.12.11",
        "contentHash": "yvsRYT5EVtcT+V8ZW+5cxd1O9Sgf8PbC7DlQL/T5NA4g5yjaFe+WQ7evpy92Lj29m2E+XayBsO2TnCWKZlPWaA=="
      },
      "Roslynator.CodeAnalysis.Analyzers": {
        "type": "Direct",
        "requested": "[4.12.11, )",
        "resolved": "4.12.11",
        "contentHash": "IUh5LVaCrhFpuNMbtEEZkMzzdn1bkPXiIn5dMkT7zY3m4Y64s2Vh2tpGE7IdJcmnEaIHdmLVkE1WaE0H8IXtcQ=="
      },
      "Roslynator.Formatting.Analyzers": {
        "type": "Direct",
        "requested": "[4.12.11, )",
        "resolved": "4.12.11",
        "contentHash": "+6Rlz0wY5Rc1eceHytRjM3+Hg9kt8zDPfGOeutv2Yy62rQgyFhvFAAdOT+SP64jEj9MTIjiasO5W965NBWxi7g=="
      },
      "SonarAnalyzer.CSharp": {
        "type": "Direct",
        "requested": "[10.6.0.109712, )",
        "resolved": "10.6.0.109712",
        "contentHash": "fMwoXhlmFrcIYLpmCZOPXQkKwQD6WoFsmkZp8FZ7RJ9Db+ELUg56qh1X4Vy2nU7ZOWmuAMDOMosYxiQKNLBWtw=="
      },
      "StyleCop.Analyzers": {
        "type": "Direct",
        "requested": "[1.1.118, )",
        "resolved": "1.1.118",
        "contentHash": "Onx6ovGSqXSK07n/0eM3ZusiNdB6cIlJdabQhWGgJp3Vooy9AaLS/tigeybOJAobqbtggTamoWndz72JscZBvw=="
      },
      "Microsoft.NETCore.Platforms": {
        "type": "Transitive",
        "resolved": "1.1.0",
        "contentHash": "kz0PEW2lhqygehI/d6XsPCQzD7ff7gUJaVGPVETX611eadGsA3A877GdSlU0LRVMCTH/+P3o2iDTak+S08V2+A=="
      },
      "gulliver": {
        "type": "Project"
      }
    },
    "net8.0": {
      "AsyncFixer": {
        "type": "Direct",
        "requested": "[1.6.0, )",
        "resolved": "1.6.0",
        "contentHash": "/Xfs9H3UMfEv64cwT+C/JrTRp4w08BmPuFbj0ageadCHpx6rxYJxAU2C6sEqRFG22xmGk5cX9ewzoiiehWVHOw=="
      },
      "Microsoft.VisualStudio.Threading.Analyzers": {
        "type": "Direct",
        "requested": "[17.12.19, )",
        "resolved": "17.12.19",
        "contentHash": "v3IYeedjoktvZ+GqYmLudxZJngmf/YWIxNT2Uy6QMMN19cvw+nkWoip1Gr1RtnFkUo1MPUVMis4C8Kj8d8DpSQ=="
      },
      "Roslynator.Analyzers": {
        "type": "Direct",
        "requested": "[4.12.11, )",
        "resolved": "4.12.11",
        "contentHash": "yvsRYT5EVtcT+V8ZW+5cxd1O9Sgf8PbC7DlQL/T5NA4g5yjaFe+WQ7evpy92Lj29m2E+XayBsO2TnCWKZlPWaA=="
      },
      "Roslynator.CodeAnalysis.Analyzers": {
        "type": "Direct",
        "requested": "[4.12.11, )",
        "resolved": "4.12.11",
        "contentHash": "IUh5LVaCrhFpuNMbtEEZkMzzdn1bkPXiIn5dMkT7zY3m4Y64s2Vh2tpGE7IdJcmnEaIHdmLVkE1WaE0H8IXtcQ=="
      },
      "Roslynator.Formatting.Analyzers": {
        "type": "Direct",
        "requested": "[4.12.11, )",
        "resolved": "4.12.11",
        "contentHash": "+6Rlz0wY5Rc1eceHytRjM3+Hg9kt8zDPfGOeutv2Yy62rQgyFhvFAAdOT+SP64jEj9MTIjiasO5W965NBWxi7g=="
      },
      "SonarAnalyzer.CSharp": {
        "type": "Direct",
        "requested": "[10.6.0.109712, )",
        "resolved": "10.6.0.109712",
        "contentHash": "fMwoXhlmFrcIYLpmCZOPXQkKwQD6WoFsmkZp8FZ7RJ9Db+ELUg56qh1X4Vy2nU7ZOWmuAMDOMosYxiQKNLBWtw=="
      },
      "StyleCop.Analyzers": {
        "type": "Direct",
        "requested": "[1.1.118, )",
        "resolved": "1.1.118",
        "contentHash": "Onx6ovGSqXSK07n/0eM3ZusiNdB6cIlJdabQhWGgJp3Vooy9AaLS/tigeybOJAobqbtggTamoWndz72JscZBvw=="
      },
      "gulliver": {
        "type": "Project"
      }
    },
    "net9.0": {
      "AsyncFixer": {
        "type": "Direct",
        "requested": "[1.6.0, )",
        "resolved": "1.6.0",
        "contentHash": "/Xfs9H3UMfEv64cwT+C/JrTRp4w08BmPuFbj0ageadCHpx6rxYJxAU2C6sEqRFG22xmGk5cX9ewzoiiehWVHOw=="
      },
      "Microsoft.VisualStudio.Threading.Analyzers": {
        "type": "Direct",
        "requested": "[17.12.19, )",
        "resolved": "17.12.19",
        "contentHash": "v3IYeedjoktvZ+GqYmLudxZJngmf/YWIxNT2Uy6QMMN19cvw+nkWoip1Gr1RtnFkUo1MPUVMis4C8Kj8d8DpSQ=="
      },
      "Roslynator.Analyzers": {
        "type": "Direct",
        "requested": "[4.12.11, )",
        "resolved": "4.12.11",
        "contentHash": "yvsRYT5EVtcT+V8ZW+5cxd1O9Sgf8PbC7DlQL/T5NA4g5yjaFe+WQ7evpy92Lj29m2E+XayBsO2TnCWKZlPWaA=="
      },
      "Roslynator.CodeAnalysis.Analyzers": {
        "type": "Direct",
        "requested": "[4.12.11, )",
        "resolved": "4.12.11",
        "contentHash": "IUh5LVaCrhFpuNMbtEEZkMzzdn1bkPXiIn5dMkT7zY3m4Y64s2Vh2tpGE7IdJcmnEaIHdmLVkE1WaE0H8IXtcQ=="
      },
      "Roslynator.Formatting.Analyzers": {
        "type": "Direct",
        "requested": "[4.12.11, )",
        "resolved": "4.12.11",
        "contentHash": "+6Rlz0wY5Rc1eceHytRjM3+Hg9kt8zDPfGOeutv2Yy62rQgyFhvFAAdOT+SP64jEj9MTIjiasO5W965NBWxi7g=="
      },
      "SonarAnalyzer.CSharp": {
        "type": "Direct",
        "requested": "[10.6.0.109712, )",
        "resolved": "10.6.0.109712",
        "contentHash": "fMwoXhlmFrcIYLpmCZOPXQkKwQD6WoFsmkZp8FZ7RJ9Db+ELUg56qh1X4Vy2nU7ZOWmuAMDOMosYxiQKNLBWtw=="
      },
      "StyleCop.Analyzers": {
        "type": "Direct",
        "requested": "[1.1.118, )",
        "resolved": "1.1.118",
        "contentHash": "Onx6ovGSqXSK07n/0eM3ZusiNdB6cIlJdabQhWGgJp3Vooy9AaLS/tigeybOJAobqbtggTamoWndz72JscZBvw=="
      },
      "gulliver": {
        "type": "Project"
      }
    }
  }
}